
Microsoft Visual Studio Solution File, Format Version 12.00
# Visual Studio Version 17
VisualStudioVersion = 17.11.35208.52
MinimumVisualStudioVersion = 10.0.40219.1
Project("{FAE04EC0-301F-11D3-BF4B-00C04F79EFBC}") = "WorldBox_UnitTrainer", "WorldBox_UnitTrainer.csproj", "{2D39E26B-C697-4074-B234-E5F0D49D6235}"
EndProject
Global
	GlobalSection(SolutionConfigurationPlatforms) = preSolution
		Debug|Any CPU = Debug|Any CPU
		Release|Any CPU = Release|Any CPU
	EndGlobalSection
	GlobalSection(ProjectConfigurationPlatforms) = postSolution
		{2D39E26B-C697-4074-B234-E5F0D49D6235}.Debug|Any CPU.ActiveCfg = Debug|Any CPU
		{2D39E26B-C697-4074-B234-E5F0D49D6235}.Debug|Any CPU.Build.0 = Debug|Any CPU
		{2D39E26B-C697-4074-B234-E5F0D49D6235}.Release|Any CPU.ActiveCfg = Release|Any CPU
		{2D39E26B-C697-4074-B234-E5F0D49D6235}.Release|Any CPU.Build.0 = Release|Any CPU
	EndGlobalSection
	GlobalSection(SolutionProperties) = preSolution
		HideSolutionNode = FALSE
	EndGlobalSection
	GlobalSection(ExtensibilityGlobals) = postSolution
		SolutionGuid = {2088120E-2141-485D-BE69-50ADF32FFF12}
	EndGlobalSection
EndGlobal
